
Microsoft Visual Studio Solution File, Format Version 12.00
# Visual Studio 15
VisualStudioVersion = 15.0.27703.2026
MinimumVisualStudioVersion = 10.0.40219.1
Project("{FAE04EC0-301F-11D3-BF4B-00C04F79EFBC}") = "KolkoIKrzyzyk", "KolkoIKrzyzyk\KolkoIKrzyzyk.csproj", "{216F2503-8BB7-4942-A9DF-BCA55561ADDF}"
EndProject
Project("{FAE04EC0-301F-11D3-BF4B-00C04F79EFBC}") = "KolkoIKrzyzyk.Logic", "KolkoIKrzyzyk.Logic\KolkoIKrzyzyk.Logic.csproj", "{76EA9B61-171E-4A3B-ADE2-AC92C49B7DAF}"
EndProject
Project("{FAE04EC0-301F-11D3-BF4B-00C04F79EFBC}") = "KolkoIKrzyzyk.Test", "KolkoIKrzyzyk.Test\KolkoIKrzyzyk.Test.csproj", "{526A395D-8753-4BB3-915E-EB5BA5E737DA}"
EndProject
Project("{54435603-DBB4-11D2-8724-00A0C9A8B90C}") = "KolkoIKrzyzykInstalator", "KolkoIKrzyzykInstalator\KolkoIKrzyzykInstalator.vdproj", "{B3E93218-E20A-4C64-95CF-BB9550B375DF}"
EndProject
Global
	GlobalSection(SolutionConfigurationPlatforms) = preSolution
		Debug|Any CPU = Debug|Any CPU
		Release|Any CPU = Release|Any CPU
	EndGlobalSection
	GlobalSection(ProjectConfigurationPlatforms) = postSolution
		{216F2503-8BB7-4942-A9DF-BCA55561ADDF}.Debug|Any CPU.ActiveCfg = Debug|Any CPU
		{216F2503-8BB7-4942-A9DF-BCA55561ADDF}.Debug|Any CPU.Build.0 = Debug|Any CPU
		{216F2503-8BB7-4942-A9DF-BCA55561ADDF}.Release|Any CPU.ActiveCfg = Release|Any CPU
		{216F2503-8BB7-4942-A9DF-BCA55561ADDF}.Release|Any CPU.Build.0 = Release|Any CPU
		{76EA9B61-171E-4A3B-ADE2-AC92C49B7DAF}.Debug|Any CPU.ActiveCfg = Debug|Any CPU
		{76EA9B61-171E-4A3B-ADE2-AC92C49B7DAF}.Debug|Any CPU.Build.0 = Debug|Any CPU
		{76EA9B61-171E-4A3B-ADE2-AC92C49B7DAF}.Release|Any CPU.ActiveCfg = Release|Any CPU
		{76EA9B61-171E-4A3B-ADE2-AC92C49B7DAF}.Release|Any CPU.Build.0 = Release|Any CPU
		{526A395D-8753-4BB3-915E-EB5BA5E737DA}.Debug|Any CPU.ActiveCfg = Debug|Any CPU
		{526A395D-8753-4BB3-915E-EB5BA5E737DA}.Debug|Any CPU.Build.0 = Debug|Any CPU
		{526A395D-8753-4BB3-915E-EB5BA5E737DA}.Release|Any CPU.ActiveCfg = Release|Any CPU
		{526A395D-8753-4BB3-915E-EB5BA5E737DA}.Release|Any CPU.Build.0 = Release|Any CPU
		{B3E93218-E20A-4C64-95CF-BB9550B375DF}.Debug|Any CPU.ActiveCfg = Debug
		{B3E93218-E20A-4C64-95CF-BB9550B375DF}.Release|Any CPU.ActiveCfg = Release
	EndGlobalSection
	GlobalSection(SolutionProperties) = preSolution
		HideSolutionNode = FALSE
	EndGlobalSection
	GlobalSection(ExtensibilityGlobals) = postSolution
		SolutionGuid = {12B0BBC4-FE8C-4029-9247-54E7560D3DE3}
	EndGlobalSection
EndGlobal
